// !$*UTF8*$!
{
	archiveVersion = 1;
	classes = {
	};
	objectVersion = 46;
	objects = {

/* Begin PBXBuildFile section */
		7716C3E4178D9F190061FE9D /* GeneRegulationMap.m in Sources */ = {isa = PBXBuildFile; fileRef = 7716C3E3178D9F190061FE9D /* GeneRegulationMap.m */; };
		7797868A1790D31A003F0900 /* Link.m in Sources */ = {isa = PBXBuildFile; fileRef = 779786891790D31A003F0900 /* Link.m */; };
		7797868D1790D36D003F0900 /* Stage.m in Sources */ = {isa = PBXBuildFile; fileRef = 7797868C1790D36D003F0900 /* Stage.m */; };
		77992FCD174BE8AD002C251E /* UIKit.framework in Frameworks */ = {isa = PBXBuildFile; fileRef = 77992FCC174BE8AD002C251E /* UIKit.framework */; };
		77992FCF174BE8AD002C251E /* Foundation.framework in Frameworks */ = {isa = PBXBuildFile; fileRef = 77992FCE174BE8AD002C251E /* Foundation.framework */; };
		77992FD1174BE8AD002C251E /* CoreGraphics.framework in Frameworks */ = {isa = PBXBuildFile; fileRef = 77992FD0174BE8AD002C251E /* CoreGraphics.framework */; };
		77992FD3174BE8AD002C251E /* GLKit.framework in Frameworks */ = {isa = PBXBuildFile; fileRef = 77992FD2174BE8AD002C251E /* GLKit.framework */; };
		77992FD5174BE8AD002C251E /* OpenGLES.framework in Frameworks */ = {isa = PBXBuildFile; fileRef = 77992FD4174BE8AD002C251E /* OpenGLES.framework */; };
		77992FDB174BE8AD002C251E /* InfoPlist.strings in Resources */ = {isa = PBXBuildFile; fileRef = 77992FD9174BE8AD002C251E /* InfoPlist.strings */; };
		77992FDD174BE8AD002C251E /* main.m in Sources */ = {isa = PBXBuildFile; fileRef = 77992FDC174BE8AD002C251E /* main.m */; };
		77992FE1174BE8AD002C251E /* AppDelegate.m in Sources */ = {isa = PBXBuildFile; fileRef = 77992FE0174BE8AD002C251E /* AppDelegate.m */; };
		77992FE3174BE8AD002C251E /* Default.png in Resources */ = {isa = PBXBuildFile; fileRef = 77992FE2174BE8AD002C251E /* Default.png */; };
		77992FE5174BE8AD002C251E /* Default@2x.png in Resources */ = {isa = PBXBuildFile; fileRef = 77992FE4174BE8AD002C251E /* Default@2x.png */; };
		77992FE7174BE8AD002C251E /* Default-568h@2x.png in Resources */ = {isa = PBXBuildFile; fileRef = 77992FE6174BE8AD002C251E /* Default-568h@2x.png */; };
		77992FEA174BE8AD002C251E /* MainStoryboard.storyboard in Resources */ = {isa = PBXBuildFile; fileRef = 77992FE8174BE8AD002C251E /* MainStoryboard.storyboard */; };
		77992FEC174BE8AD002C251E /* Shader.fsh in Resources */ = {isa = PBXBuildFile; fileRef = 77992FEB174BE8AD002C251E /* Shader.fsh */; };
		77992FEE174BE8AD002C251E /* Shader.vsh in Resources */ = {isa = PBXBuildFile; fileRef = 77992FED174BE8AD002C251E /* Shader.vsh */; };
		77992FF1174BE8AD002C251E /* ViewController.m in Sources */ = {isa = PBXBuildFile; fileRef = 77992FF0174BE8AD002C251E /* ViewController.m */; };
		77992FF9174BE8AE002C251E /* SenTestingKit.framework in Frameworks */ = {isa = PBXBuildFile; fileRef = 77992FF8174BE8AE002C251E /* SenTestingKit.framework */; };
		77992FFA174BE8AE002C251E /* UIKit.framework in Frameworks */ = {isa = PBXBuildFile; fileRef = 77992FCC174BE8AD002C251E /* UIKit.framework */; };
		77992FFB174BE8AE002C251E /* Foundation.framework in Frameworks */ = {isa = PBXBuildFile; fileRef = 77992FCE174BE8AD002C251E /* Foundation.framework */; };
		77993003174BE8AE002C251E /* InfoPlist.strings in Resources */ = {isa = PBXBuildFile; fileRef = 77993001174BE8AE002C251E /* InfoPlist.strings */; };
		77993006174BE8AE002C251E /* projTest1Tests.m in Sources */ = {isa = PBXBuildFile; fileRef = 77993005174BE8AE002C251E /* projTest1Tests.m */; };
		77993013174BE90C002C251E /* Node.m in Sources */ = {isa = PBXBuildFile; fileRef = 77993012174BE90C002C251E /* Node.m */; };
		77993014174EE891002C251E /* Node.m in Sources */ = {isa = PBXBuildFile; fileRef = 77993012174BE90C002C251E /* Node.m */; };
		77BE918117A343C500EE2885 /* test2.dot in Resources */ = {isa = PBXBuildFile; fileRef = 77BE917D17A343C500EE2885 /* test2.dot */; };
		77BE918217A343C500EE2885 /* factor_graph.plain in Resources */ = {isa = PBXBuildFile; fileRef = 77BE917E17A343C500EE2885 /* factor_graph.plain */; };
		77BE918317A343C500EE2885 /* regulation_graph.plain in Resources */ = {isa = PBXBuildFile; fileRef = 77BE917F17A343C500EE2885 /* regulation_graph.plain */; };
		77BE918417A343C500EE2885 /* test.dot in Resources */ = {isa = PBXBuildFile; fileRef = 77BE918017A343C500EE2885 /* test.dot */; };
		77BE918617A402C500EE2885 /* factor_info.txt in Resources */ = {isa = PBXBuildFile; fileRef = 77BE918517A402C500EE2885 /* factor_info.txt */; };
		77EB130C176534F8008CB88E /* Sphere.m in Sources */ = {isa = PBXBuildFile; fileRef = 77EB130B176534F8008CB88E /* Sphere.m */; };
		77F80706178CD83300BA612C /* FactorFamily.m in Sources */ = {isa = PBXBuildFile; fileRef = 77F80705178CD83300BA612C /* FactorFamily.m */; };
		77F80709178CD9EE00BA612C /* FactorAtLink.m in Sources */ = {isa = PBXBuildFile; fileRef = 77F80708178CD9EE00BA612C /* FactorAtLink.m */; };
/* End PBXBuildFile section */

/* Begin PBXContainerItemProxy section */
		77992FFC174BE8AE002C251E /* PBXContainerItemProxy */ = {
			isa = PBXContainerItemProxy;
			containerPortal = 77992FC1174BE8AD002C251E /* Project object */;
			proxyType = 1;
			remoteGlobalIDString = 77992FC8174BE8AD002C251E;
			remoteInfo = projTest1;
		};
/* End PBXContainerItemProxy section */

/* Begin PBXFileReference section */
		7716C3E2178D9F190061FE9D /* GeneRegulationMap.h */ = {isa = PBXFileReference; fileEncoding = 4; lastKnownFileType = sourcecode.c.h; path = GeneRegulationMap.h; sourceTree = "<group>"; };
		7716C3E3178D9F190061FE9D /* GeneRegulationMap.m */ = {isa = PBXFileReference; fileEncoding = 4; lastKnownFileType = sourcecode.c.objc; path = GeneRegulationMap.m; sourceTree = "<group>"; };
		779786881790D31A003F0900 /* Link.h */ = {isa = PBXFileReference; fileEncoding = 4; lastKnownFileType = sourcecode.c.h; path = Link.h; sourceTree = "<group>"; };
		779786891790D31A003F0900 /* Link.m */ = {isa = PBXFileReference; fileEncoding = 4; lastKnownFileType = sourcecode.c.objc; path = Link.m; sourceTree = "<group>"; };
		7797868B1790D36D003F0900 /* Stage.h */ = {isa = PBXFileReference; fileEncoding = 4; lastKnownFileType = sourcecode.c.h; path = Stage.h; sourceTree = "<group>"; };
		7797868C1790D36D003F0900 /* Stage.m */ = {isa = PBXFileReference; fileEncoding = 4; lastKnownFileType = sourcecode.c.objc; path = Stage.m; sourceTree = "<group>"; };
		77992FC9174BE8AD002C251E /* projTest1.app */ = {isa = PBXFileReference; explicitFileType = wrapper.application; includeInIndex = 0; path = projTest1.app; sourceTree = BUILT_PRODUCTS_DIR; };
		77992FCC174BE8AD002C251E /* UIKit.framework */ = {isa = PBXFileReference; lastKnownFileType = wrapper.framework; name = UIKit.framework; path = System/Library/Frameworks/UIKit.framework; sourceTree = SDKROOT; };
		77992FCE174BE8AD002C251E /* Foundation.framework */ = {isa = PBXFileReference; lastKnownFileType = wrapper.framework; name = Foundation.framework; path = System/Library/Frameworks/Foundation.framework; sourceTree = SDKROOT; };
		77992FD0174BE8AD002C251E /* CoreGraphics.framework */ = {isa = PBXFileReference; lastKnownFileType = wrapper.framework; name = CoreGraphics.framework; path = System/Library/Frameworks/CoreGraphics.framework; sourceTree = SDKROOT; };
		77992FD2174BE8AD002C251E /* GLKit.framework */ = {isa = PBXFileReference; lastKnownFileType = wrapper.framework; name = GLKit.framework; path = System/Library/Frameworks/GLKit.framework; sourceTree = SDKROOT; };
		77992FD4174BE8AD002C251E /* OpenGLES.framework */ = {isa = PBXFileReference; lastKnownFileType = wrapper.framework; name = OpenGLES.framework; path = System/Library/Frameworks/OpenGLES.framework; sourceTree = SDKROOT; };
		77992FD8174BE8AD002C251E /* projTest1-Info.plist */ = {isa = PBXFileReference; lastKnownFileType = text.plist.xml; path = "projTest1-Info.plist"; sourceTree = "<group>"; };
		77992FDA174BE8AD002C251E /* en */ = {isa = PBXFileReference; lastKnownFileType = text.plist.strings; name = en; path = en.lproj/InfoPlist.strings; sourceTree = "<group>"; };
		77992FDC174BE8AD002C251E /* main.m */ = {isa = PBXFileReference; lastKnownFileType = sourcecode.c.objc; path = main.m; sourceTree = "<group>"; };
		77992FDE174BE8AD002C251E /* projTest1-Prefix.pch */ = {isa = PBXFileReference; lastKnownFileType = sourcecode.c.h; path = "projTest1-Prefix.pch"; sourceTree = "<group>"; };
		77992FDF174BE8AD002C251E /* AppDelegate.h */ = {isa = PBXFileReference; lastKnownFileType = sourcecode.c.h; path = AppDelegate.h; sourceTree = "<group>"; };
		77992FE0174BE8AD002C251E /* AppDelegate.m */ = {isa = PBXFileReference; lastKnownFileType = sourcecode.c.objc; path = AppDelegate.m; sourceTree = "<group>"; };
		77992FE2174BE8AD002C251E /* Default.png */ = {isa = PBXFileReference; lastKnownFileType = image.png; path = Default.png; sourceTree = "<group>"; };
		77992FE4174BE8AD002C251E /* Default@2x.png */ = {isa = PBXFileReference; lastKnownFileType = image.png; path = "Default@2x.png"; sourceTree = "<group>"; };
		77992FE6174BE8AD002C251E /* Default-568h@2x.png */ = {isa = PBXFileReference; lastKnownFileType = image.png; path = "Default-568h@2x.png"; sourceTree = "<group>"; };
		77992FE9174BE8AD002C251E /* en */ = {isa = PBXFileReference; lastKnownFileType = file.storyboard; name = en; path = en.lproj/MainStoryboard.storyboard; sourceTree = "<group>"; };
		77992FEB174BE8AD002C251E /* Shader.fsh */ = {isa = PBXFileReference; lastKnownFileType = sourcecode.glsl; name = Shader.fsh; path = Shaders/Shader.fsh; sourceTree = "<group>"; };
		77992FED174BE8AD002C251E /* Shader.vsh */ = {isa = PBXFileReference; lastKnownFileType = sourcecode.glsl; name = Shader.vsh; path = Shaders/Shader.vsh; sourceTree = "<group>"; };
		77992FEF174BE8AD002C251E /* ViewController.h */ = {isa = PBXFileReference; lastKnownFileType = sourcecode.c.h; path = ViewController.h; sourceTree = "<group>"; };
		77992FF0174BE8AD002C251E /* ViewController.m */ = {isa = PBXFileReference; lastKnownFileType = sourcecode.c.objc; path = ViewController.m; sourceTree = "<group>"; };
		77992FF7174BE8AE002C251E /* projTest1Tests.octest */ = {isa = PBXFileReference; explicitFileType = wrapper.cfbundle; includeInIndex = 0; path = projTest1Tests.octest; sourceTree = BUILT_PRODUCTS_DIR; };
		77992FF8174BE8AE002C251E /* SenTestingKit.framework */ = {isa = PBXFileReference; lastKnownFileType = wrapper.framework; name = SenTestingKit.framework; path = Library/Frameworks/SenTestingKit.framework; sourceTree = DEVELOPER_DIR; };
		77993000174BE8AE002C251E /* projTest1Tests-Info.plist */ = {isa = PBXFileReference; lastKnownFileType = text.plist.xml; path = "projTest1Tests-Info.plist"; sourceTree = "<group>"; };
		77993002174BE8AE002C251E /* en */ = {isa = PBXFileReference; lastKnownFileType = text.plist.strings; name = en; path = en.lproj/InfoPlist.strings; sourceTree = "<group>"; };
		77993004174BE8AE002C251E /* projTest1Tests.h */ = {isa = PBXFileReference; lastKnownFileType = sourcecode.c.h; path = projTest1Tests.h; sourceTree = "<group>"; };
		77993005174BE8AE002C251E /* projTest1Tests.m */ = {isa = PBXFileReference; lastKnownFileType = sourcecode.c.objc; path = projTest1Tests.m; sourceTree = "<group>"; };
		7799300F174BE90C002C251E /* Graphics.h */ = {isa = PBXFileReference; fileEncoding = 4; lastKnownFileType = sourcecode.c.h; path = Graphics.h; sourceTree = "<group>"; };
		77993010174BE90C002C251E /* Point.h */ = {isa = PBXFileReference; fileEncoding = 4; lastKnownFileType = sourcecode.c.h; path = Point.h; sourceTree = "<group>"; };
		77993011174BE90C002C251E /* Node.h */ = {isa = PBXFileReference; fileEncoding = 4; lastKnownFileType = sourcecode.c.h; path = Node.h; sourceTree = "<group>"; };
		77993012174BE90C002C251E /* Node.m */ = {isa = PBXFileReference; fileEncoding = 4; lastKnownFileType = sourcecode.c.objc; path = Node.m; sourceTree = "<group>"; };
		77BE917D17A343C500EE2885 /* test2.dot */ = {isa = PBXFileReference; fileEncoding = 4; lastKnownFileType = text; path = test2.dot; sourceTree = "<group>"; };
		77BE917E17A343C500EE2885 /* factor_graph.plain */ = {isa = PBXFileReference; fileEncoding = 4; lastKnownFileType = text; path = factor_graph.plain; sourceTree = "<group>"; };
		77BE917F17A343C500EE2885 /* regulation_graph.plain */ = {isa = PBXFileReference; fileEncoding = 4; lastKnownFileType = text; path = regulation_graph.plain; sourceTree = "<group>"; };
		77BE918017A343C500EE2885 /* test.dot */ = {isa = PBXFileReference; fileEncoding = 4; lastKnownFileType = text; path = test.dot; sourceTree = "<group>"; };
		77BE918517A402C500EE2885 /* factor_info.txt */ = {isa = PBXFileReference; fileEncoding = 4; lastKnownFileType = text; path = factor_info.txt; sourceTree = "<group>"; };
		77EB130A176534F8008CB88E /* Sphere.h */ = {isa = PBXFileReference; fileEncoding = 4; lastKnownFileType = sourcecode.c.h; path = Sphere.h; sourceTree = "<group>"; };
		77EB130B176534F8008CB88E /* Sphere.m */ = {isa = PBXFileReference; fileEncoding = 4; lastKnownFileType = sourcecode.c.objc; path = Sphere.m; sourceTree = "<group>"; };
		77F80704178CD83300BA612C /* FactorFamily.h */ = {isa = PBXFileReference; fileEncoding = 4; lastKnownFileType = sourcecode.c.h; path = FactorFamily.h; sourceTree = "<group>"; };
		77F80705178CD83300BA612C /* FactorFamily.m */ = {isa = PBXFileReference; fileEncoding = 4; lastKnownFileType = sourcecode.c.objc; path = FactorFamily.m; sourceTree = "<group>"; };
		77F80707178CD9EE00BA612C /* FactorAtLink.h */ = {isa = PBXFileReference; fileEncoding = 4; lastKnownFileType = sourcecode.c.h; path = FactorAtLink.h; sourceTree = "<group>"; };
		77F80708178CD9EE00BA612C /* FactorAtLink.m */ = {isa = PBXFileReference; fileEncoding = 4; lastKnownFileType = sourcecode.c.objc; path = FactorAtLink.m; sourceTree = "<group>"; };
/* End PBXFileReference section */

/* Begin PBXFrameworksBuildPhase section */
		77992FC6174BE8AD002C251E /* Frameworks */ = {
			isa = PBXFrameworksBuildPhase;
			buildActionMask = 2147483647;
			files = (
				77992FCD174BE8AD002C251E /* UIKit.framework in Frameworks */,
				77992FCF174BE8AD002C251E /* Foundation.framework in Frameworks */,
				77992FD1174BE8AD002C251E /* CoreGraphics.framework in Frameworks */,
				77992FD3174BE8AD002C251E /* GLKit.framework in Frameworks */,
				77992FD5174BE8AD002C251E /* OpenGLES.framework in Frameworks */,
			);
			runOnlyForDeploymentPostprocessing = 0;
		};
		77992FF3174BE8AE002C251E /* Frameworks */ = {
			isa = PBXFrameworksBuildPhase;
			buildActionMask = 2147483647;
			files = (
				77992FF9174BE8AE002C251E /* SenTestingKit.framework in Frameworks */,
				77992FFA174BE8AE002C251E /* UIKit.framework in Frameworks */,
				77992FFB174BE8AE002C251E /* Foundation.framework in Frameworks */,
			);
			runOnlyForDeploymentPostprocessing = 0;
		};
/* End PBXFrameworksBuildPhase section */

/* Begin PBXGroup section */
		77992FC0174BE8AD002C251E = {
			isa = PBXGroup;
			children = (
				77992FD6174BE8AD002C251E /* projTest1 */,
				77992FFE174BE8AE002C251E /* projTest1Tests */,
				77992FCB174BE8AD002C251E /* Frameworks */,
				77992FCA174BE8AD002C251E /* Products */,
			);
			sourceTree = "<group>";
		};
		77992FCA174BE8AD002C251E /* Products */ = {
			isa = PBXGroup;
			children = (
				77992FC9174BE8AD002C251E /* projTest1.app */,
				77992FF7174BE8AE002C251E /* projTest1Tests.octest */,
			);
			name = Products;
			sourceTree = "<group>";
		};
		77992FCB174BE8AD002C251E /* Frameworks */ = {
			isa = PBXGroup;
			children = (
				77992FCC174BE8AD002C251E /* UIKit.framework */,
				77992FCE174BE8AD002C251E /* Foundation.framework */,
				77992FD0174BE8AD002C251E /* CoreGraphics.framework */,
				77992FD2174BE8AD002C251E /* GLKit.framework */,
				77992FD4174BE8AD002C251E /* OpenGLES.framework */,
				77992FF8174BE8AE002C251E /* SenTestingKit.framework */,
			);
			name = Frameworks;
			sourceTree = "<group>";
		};
		77992FD6174BE8AD002C251E /* projTest1 */ = {
			isa = PBXGroup;
			children = (
				77992FDF174BE8AD002C251E /* AppDelegate.h */,
				77992FE0174BE8AD002C251E /* AppDelegate.m */,
				77992FE8174BE8AD002C251E /* MainStoryboard.storyboard */,
				77992FEB174BE8AD002C251E /* Shader.fsh */,
				77992FED174BE8AD002C251E /* Shader.vsh */,
				77992FEF174BE8AD002C251E /* ViewController.h */,
				77992FF0174BE8AD002C251E /* ViewController.m */,
				77992FD7174BE8AD002C251E /* Supporting Files */,
			);
			path = projTest1;
			sourceTree = "<group>";
		};
		77992FD7174BE8AD002C251E /* Supporting Files */ = {
			isa = PBXGroup;
			children = (
				77BE917F17A343C500EE2885 /* regulation_graph.plain */,
				77BE918517A402C500EE2885 /* factor_info.txt */,
				77BE917E17A343C500EE2885 /* factor_graph.plain */,
				77BE917D17A343C500EE2885 /* test2.dot */,
				77BE918017A343C500EE2885 /* test.dot */,
				7799300F174BE90C002C251E /* Graphics.h */,
				77993010174BE90C002C251E /* Point.h */,
				77993011174BE90C002C251E /* Node.h */,
				77993012174BE90C002C251E /* Node.m */,
				7716C3E2178D9F190061FE9D /* GeneRegulationMap.h */,
				7716C3E3178D9F190061FE9D /* GeneRegulationMap.m */,
				779786881790D31A003F0900 /* Link.h */,
				779786891790D31A003F0900 /* Link.m */,
				7797868B1790D36D003F0900 /* Stage.h */,
				7797868C1790D36D003F0900 /* Stage.m */,
				77F80704178CD83300BA612C /* FactorFamily.h */,
				77F80705178CD83300BA612C /* FactorFamily.m */,
				77F80707178CD9EE00BA612C /* FactorAtLink.h */,
				77F80708178CD9EE00BA612C /* FactorAtLink.m */,
				77EB130A176534F8008CB88E /* Sphere.h */,
				77EB130B176534F8008CB88E /* Sphere.m */,
				77992FD8174BE8AD002C251E /* projTest1-Info.plist */,
				77992FD9174BE8AD002C251E /* InfoPlist.strings */,
				77992FDC174BE8AD002C251E /* main.m */,
				77992FDE174BE8AD002C251E /* projTest1-Prefix.pch */,
				77992FE2174BE8AD002C251E /* Default.png */,
				77992FE4174BE8AD002C251E /* Default@2x.png */,
				77992FE6174BE8AD002C251E /* Default-568h@2x.png */,
			);
			name = "Supporting Files";
			sourceTree = "<group>";
		};
		77992FFE174BE8AE002C251E /* projTest1Tests */ = {
			isa = PBXGroup;
			children = (
				77993004174BE8AE002C251E /* projTest1Tests.h */,
				77993005174BE8AE002C251E /* projTest1Tests.m */,
				77992FFF174BE8AE002C251E /* Supporting Files */,
			);
			path = projTest1Tests;
			sourceTree = "<group>";
		};
		77992FFF174BE8AE002C251E /* Supporting Files */ = {
			isa = PBXGroup;
			children = (
				77993000174BE8AE002C251E /* projTest1Tests-Info.plist */,
				77993001174BE8AE002C251E /* InfoPlist.strings */,
			);
			name = "Supporting Files";
			sourceTree = "<group>";
		};
/* End PBXGroup section */

/* Begin PBXNativeTarget section */
		77992FC8174BE8AD002C251E /* projTest1 */ = {
			isa = PBXNativeTarget;
			buildConfigurationList = 77993009174BE8AE002C251E /* Build configuration list for PBXNativeTarget "projTest1" */;
			buildPhases = (
				77992FC5174BE8AD002C251E /* Sources */,
				77992FC6174BE8AD002C251E /* Frameworks */,
				77992FC7174BE8AD002C251E /* Resources */,
			);
			buildRules = (
			);
			dependencies = (
			);
			name = projTest1;
			productName = projTest1;
			productReference = 77992FC9174BE8AD002C251E /* projTest1.app */;
			productType = "com.apple.product-type.application";
		};
		77992FF6174BE8AE002C251E /* projTest1Tests */ = {
			isa = PBXNativeTarget;
			buildConfigurationList = 7799300C174BE8AE002C251E /* Build configuration list for PBXNativeTarget "projTest1Tests" */;
			buildPhases = (
				77992FF2174BE8AE002C251E /* Sources */,
				77992FF3174BE8AE002C251E /* Frameworks */,
				77992FF4174BE8AE002C251E /* Resources */,
				77992FF5174BE8AE002C251E /* ShellScript */,
			);
			buildRules = (
			);
			dependencies = (
				77992FFD174BE8AE002C251E /* PBXTargetDependency */,
			);
			name = projTest1Tests;
			productName = projTest1Tests;
			productReference = 77992FF7174BE8AE002C251E /* projTest1Tests.octest */;
			productType = "com.apple.product-type.bundle";
		};
/* End PBXNativeTarget section */

/* Begin PBXProject section */
		77992FC1174BE8AD002C251E /* Project object */ = {
			isa = PBXProject;
			attributes = {
				LastUpgradeCheck = 0460;
				ORGANIZATIONNAME = THM;
			};
			buildConfigurationList = 77992FC4174BE8AD002C251E /* Build configuration list for PBXProject "projTest1" */;
			compatibilityVersion = "Xcode 3.2";
			developmentRegion = English;
			hasScannedForEncodings = 0;
			knownRegions = (
				en,
			);
			mainGroup = 77992FC0174BE8AD002C251E;
			productRefGroup = 77992FCA174BE8AD002C251E /* Products */;
			projectDirPath = "";
			projectRoot = "";
			targets = (
				77992FC8174BE8AD002C251E /* projTest1 */,
				77992FF6174BE8AE002C251E /* projTest1Tests */,
			);
		};
/* End PBXProject section */

/* Begin PBXResourcesBuildPhase section */
		77992FC7174BE8AD002C251E /* Resources */ = {
			isa = PBXResourcesBuildPhase;
			buildActionMask = 2147483647;
			files = (
				77992FDB174BE8AD002C251E /* InfoPlist.strings in Resources */,
				77992FE3174BE8AD002C251E /* Default.png in Resources */,
				77992FE5174BE8AD002C251E /* Default@2x.png in Resources */,
				77992FE7174BE8AD002C251E /* Default-568h@2x.png in Resources */,
				77992FEA174BE8AD002C251E /* MainStoryboard.storyboard in Resources */,
				77992FEC174BE8AD002C251E /* Shader.fsh in Resources */,
				77992FEE174BE8AD002C251E /* Shader.vsh in Resources */,
				77BE918117A343C500EE2885 /* test2.dot in Resources */,
				77BE918217A343C500EE2885 /* factor_graph.plain in Resources */,
				77BE918317A343C500EE2885 /* regulation_graph.plain in Resources */,
				77BE918417A343C500EE2885 /* test.dot in Resources */,
				77BE918617A402C500EE2885 /* factor_info.txt in Resources */,
			);
			runOnlyForDeploymentPostprocessing = 0;
		};
		77992FF4174BE8AE002C251E /* Resources */ = {
			isa = PBXResourcesBuildPhase;
			buildActionMask = 2147483647;
			files = (
				77993003174BE8AE002C251E /* InfoPlist.strings in Resources */,
			);
			runOnlyForDeploymentPostprocessing = 0;
		};
/* End PBXResourcesBuildPhase section */

/* Begin PBXShellScriptBuildPhase section */
		77992FF5174BE8AE002C251E /* ShellScript */ = {
			isa = PBXShellScriptBuildPhase;
			buildActionMask = 2147483647;
			files = (
			);
			inputPaths = (
			);
			outputPaths = (
			);
			runOnlyForDeploymentPostprocessing = 0;
			shellPath = /bin/sh;
			shellScript = "# Run the unit tests in this test bundle.\n\"${SYSTEM_DEVELOPER_DIR}/Tools/RunUnitTests\"\n";
		};
/* End PBXShellScriptBuildPhase section */

/* Begin PBXSourcesBuildPhase section */
		77992FC5174BE8AD002C251E /* Sources */ = {
			isa = PBXSourcesBuildPhase;
			buildActionMask = 2147483647;
			files = (
				77993014174EE891002C251E /* Node.m in Sources */,
				77992FDD174BE8AD002C251E /* main.m in Sources */,
				77992FE1174BE8AD002C251E /* AppDelegate.m in Sources */,
				77992FF1174BE8AD002C251E /* ViewController.m in Sources */,
				77EB130C176534F8008CB88E /* Sphere.m in Sources */,
				77F80706178CD83300BA612C /* FactorFamily.m in Sources */,
				77F80709178CD9EE00BA612C /* FactorAtLink.m in Sources */,
				7716C3E4178D9F190061FE9D /* GeneRegulationMap.m in Sources */,
				7797868A1790D31A003F0900 /* Link.m in Sources */,
				7797868D1790D36D003F0900 /* Stage.m in Sources */,
			);
			runOnlyForDeploymentPostprocessing = 0;
		};
		77992FF2174BE8AE002C251E /* Sources */ = {
			isa = PBXSourcesBuildPhase;
			buildActionMask = 2147483647;
			files = (
				77993006174BE8AE002C251E /* projTest1Tests.m in Sources */,
				77993013174BE90C002C251E /* Node.m in Sources */,
			);
			runOnlyForDeploymentPostprocessing = 0;
		};
/* End PBXSourcesBuildPhase section */

/* Begin PBXTargetDependency section */
		77992FFD174BE8AE002C251E /* PBXTargetDependency */ = {
			isa = PBXTargetDependency;
			target = 77992FC8174BE8AD002C251E /* projTest1 */;
			targetProxy = 77992FFC174BE8AE002C251E /* PBXContainerItemProxy */;
		};
/* End PBXTargetDependency section */

/* Begin PBXVariantGroup section */
		77992FD9174BE8AD002C251E /* InfoPlist.strings */ = {
			isa = PBXVariantGroup;
			children = (
				77992FDA174BE8AD002C251E /* en */,
			);
			name = InfoPlist.strings;
			sourceTree = "<group>";
		};
		77992FE8174BE8AD002C251E /* MainStoryboard.storyboard */ = {
			isa = PBXVariantGroup;
			children = (
				77992FE9174BE8AD002C251E /* en */,
			);
			name = MainStoryboard.storyboard;
			sourceTree = "<group>";
		};
		77993001174BE8AE002C251E /* InfoPlist.strings */ = {
			isa = PBXVariantGroup;
			children = (
				77993002174BE8AE002C251E /* en */,
			);
			name = InfoPlist.strings;
			sourceTree = "<group>";
		};
/* End PBXVariantGroup section */

/* Begin XCBuildConfiguration section */
		77993007174BE8AE002C251E /* Debug */ = {
			isa = XCBuildConfiguration;
			buildSettings = {
				ALWAYS_SEARCH_USER_PATHS = NO;
				CLANG_CXX_LANGUAGE_STANDARD = "gnu++0x";
				CLANG_CXX_LIBRARY = "libc++";
				CLANG_ENABLE_OBJC_ARC = YES;
				CLANG_WARN_CONSTANT_CONVERSION = YES;
				CLANG_WARN_EMPTY_BODY = YES;
				CLANG_WARN_ENUM_CONVERSION = YES;
				CLANG_WARN_INT_CONVERSION = YES;
				CLANG_WARN__DUPLICATE_METHOD_MATCH = YES;
				CODE_SIGN_IDENTITY = "";
				"CODE_SIGN_IDENTITY[sdk=iphoneos*]" = "";
				COPY_PHASE_STRIP = NO;
				GCC_C_LANGUAGE_STANDARD = gnu99;
				GCC_DYNAMIC_NO_PIC = NO;
				GCC_OPTIMIZATION_LEVEL = 0;
				GCC_PREPROCESSOR_DEFINITIONS = (
					"DEBUG=1",
					"$(inherited)",
				);
				GCC_SYMBOLS_PRIVATE_EXTERN = NO;
				GCC_WARN_ABOUT_RETURN_TYPE = YES;
				GCC_WARN_UNINITIALIZED_AUTOS = YES;
				GCC_WARN_UNUSED_VARIABLE = YES;
				IPHONEOS_DEPLOYMENT_TARGET = 6.1;
				ONLY_ACTIVE_ARCH = YES;
				SDKROOT = iphoneos;
				TARGETED_DEVICE_FAMILY = 2;
			};
			name = Debug;
		};
		77993008174BE8AE002C251E /* Release */ = {
			isa = XCBuildConfiguration;
			buildSettings = {
				ALWAYS_SEARCH_USER_PATHS = NO;
				CLANG_CXX_LANGUAGE_STANDARD = "gnu++0x";
				CLANG_CXX_LIBRARY = "libc++";
				CLANG_ENABLE_OBJC_ARC = YES;
				CLANG_WARN_CONSTANT_CONVERSION = YES;
				CLANG_WARN_EMPTY_BODY = YES;
				CLANG_WARN_ENUM_CONVERSION = YES;
				CLANG_WARN_INT_CONVERSION = YES;
				CLANG_WARN__DUPLICATE_METHOD_MATCH = YES;
				CODE_SIGN_IDENTITY = "";
				"CODE_SIGN_IDENTITY[sdk=*]" = "";
				COPY_PHASE_STRIP = YES;
				GCC_C_LANGUAGE_STANDARD = gnu99;
				GCC_WARN_ABOUT_RETURN_TYPE = YES;
				GCC_WARN_UNINITIALIZED_AUTOS = YES;
				GCC_WARN_UNUSED_VARIABLE = YES;
				IPHONEOS_DEPLOYMENT_TARGET = 6.1;
				OTHER_CFLAGS = "-DNS_BLOCK_ASSERTIONS=1";
				SDKROOT = iphoneos;
				TARGETED_DEVICE_FAMILY = 2;
				VALIDATE_PRODUCT = YES;
			};
			name = Release;
		};
		7799300A174BE8AE002C251E /* Debug */ = {
			isa = XCBuildConfiguration;
			buildSettings = {
				GCC_PRECOMPILE_PREFIX_HEADER = YES;
				GCC_PREFIX_HEADER = "projTest1/projTest1-Prefix.pch";
				INFOPLIST_FILE = "projTest1/projTest1-Info.plist";
				PRODUCT_NAME = "$(TARGET_NAME)";
				WRAPPER_EXTENSION = app;
			};
			name = Debug;
		};
		7799300B174BE8AE002C251E /* Release */ = {
			isa = XCBuildConfiguration;
			buildSettings = {
				GCC_PRECOMPILE_PREFIX_HEADER = YES;
				GCC_PREFIX_HEADER = "projTest1/projTest1-Prefix.pch";
				INFOPLIST_FILE = "projTest1/projTest1-Info.plist";
				PRODUCT_NAME = "$(TARGET_NAME)";
				WRAPPER_EXTENSION = app;
			};
			name = Release;
		};
		7799300D174BE8AE002C251E /* Debug */ = {
			isa = XCBuildConfiguration;
			buildSettings = {
				BUNDLE_LOADER = "$(BUILT_PRODUCTS_DIR)/projTest1.app/projTest1";
				FRAMEWORK_SEARCH_PATHS = (
					"\"$(SDKROOT)/Developer/Library/Frameworks\"",
					"\"$(DEVELOPER_LIBRARY_DIR)/Frameworks\"",
				);
				GCC_PRECOMPILE_PREFIX_HEADER = YES;
				GCC_PREFIX_HEADER = "projTest1/projTest1-Prefix.pch";
				INFOPLIST_FILE = "projTest1Tests/projTest1Tests-Info.plist";
				PRODUCT_NAME = "$(TARGET_NAME)";
				TEST_HOST = "$(BUNDLE_LOADER)";
				WRAPPER_EXTENSION = octest;
			};
			name = Debug;
		};
		7799300E174BE8AE002C251E /* Release */ = {
			isa = XCBuildConfiguration;
			buildSettings = {
				BUNDLE_LOADER = "$(BUILT_PRODUCTS_DIR)/projTest1.app/projTest1";
				FRAMEWORK_SEARCH_PATHS = (
					"\"$(SDKROOT)/Developer/Library/Frameworks\"",
					"\"$(DEVELOPER_LIBRARY_DIR)/Frameworks\"",
				);
				GCC_PRECOMPILE_PREFIX_HEADER = YES;
				GCC_PREFIX_HEADER = "projTest1/projTest1-Prefix.pch";
				INFOPLIST_FILE = "projTest1Tests/projTest1Tests-Info.plist";
				PRODUCT_NAME = "$(TARGET_NAME)";
				TEST_HOST = "$(BUNDLE_LOADER)";
				WRAPPER_EXTENSION = octest;
			};
			name = Release;
		};
/* End XCBuildConfiguration section */

/* Begin XCConfigurationList section */
		77992FC4174BE8AD002C251E /* Build configuration list for PBXProject "projTest1" */ = {
			isa = XCConfigurationList;
			buildConfigurations = (
				77993007174BE8AE002C251E /* Debug */,
				77993008174BE8AE002C251E /* Release */,
			);
			defaultConfigurationIsVisible = 0;
			defaultConfigurationName = Release;
		};
		77993009174BE8AE002C251E /* Build configuration list for PBXNativeTarget "projTest1" */ = {
			isa = XCConfigurationList;
			buildConfigurations = (
				7799300A174BE8AE002C251E /* Debug */,
				7799300B174BE8AE002C251E /* Release */,
			);
			defaultConfigurationIsVisible = 0;
			defaultConfigurationName = Release;
		};
		7799300C174BE8AE002C251E /* Build configuration list for PBXNativeTarget "projTest1Tests" */ = {
			isa = XCConfigurationList;
			buildConfigurations = (
				7799300D174BE8AE002C251E /* Debug */,
				7799300E174BE8AE002C251E /* Release */,
			);
			defaultConfigurationIsVisible = 0;
			defaultConfigurationName = Release;
		};
/* End XCConfigurationList section */
	};
	rootObject = 77992FC1174BE8AD002C251E /* Project object */;
}
